
Microsoft Visual Studio Solution File, Format Version 12.00
# Visual Studio Version 17
VisualStudioVersion = 17.3.32929.385
MinimumVisualStudioVersion = 10.0.40219.1
Project("{FAE04EC0-301F-11D3-BF4B-00C04F79EFBC}") = "HotelListeing.API", "HotelListeing.API\HotelListeing.API.csproj", "{0D66ABB7-D3FF-4D8B-B95D-471597EE9E24}"
EndProject
Global
	GlobalSection(SolutionConfigurationPlatforms) = preSolution
		Debug|Any CPU = Debug|Any CPU
		Release|Any CPU = Release|Any CPU
	EndGlobalSection
	GlobalSection(ProjectConfigurationPlatforms) = postSolution
		{0D66ABB7-D3FF-4D8B-B95D-471597EE9E24}.Debug|Any CPU.ActiveCfg = Debug|Any CPU
		{0D66ABB7-D3FF-4D8B-B95D-471597EE9E24}.Debug|Any CPU.Build.0 = Debug|Any CPU
		{0D66ABB7-D3FF-4D8B-B95D-471597EE9E24}.Release|Any CPU.ActiveCfg = Release|Any CPU
		{0D66ABB7-D3FF-4D8B-B95D-471597EE9E24}.Release|Any CPU.Build.0 = Release|Any CPU
	EndGlobalSection
	GlobalSection(SolutionProperties) = preSolution
		HideSolutionNode = FALSE
	EndGlobalSection
	GlobalSection(ExtensibilityGlobals) = postSolution
		SolutionGuid = {F9410184-4681-435A-A750-4A6365E42B3D}
	EndGlobalSection
EndGlobal
